PODS:
  - ESTabBarController-swift (2.7)
  - GoogleMaps (3.6.0):
    - GoogleMaps/Maps (= 3.6.0)
  - GoogleMaps/Base (3.6.0)
  - GoogleMaps/Maps (3.6.0):
    - GoogleMaps/Base
  - lottie-ios (3.1.3)

DEPENDENCIES:
  - ESTabBarController-swift
  - GoogleMaps
  - lottie-ios

SPEC REPOS:
  https://github.com/CocoaPods/Specs.git:
    - ESTabBarController-swift
    - GoogleMaps
    - lottie-ios

SPEC CHECKSUMS:
  ESTabBarController-swift: 4fb52ad03d94d0717ef97bc9eb09a5abfdded0a2
  GoogleMaps: 82f8fe307193bb4de6ef6bf9e88f1d624b718f9d
  lottie-ios: 496ac5cea1bbf1a7bd1f1f472f3232eb1b8d744b

PODFILE CHECKSUM: 0b2c8f954ee301fbb2e6b23b089bb38215827097

COCOAPODS: 1.8.4
